
Microsoft Visual Studio Solution File, Format Version 12.00
# Visual Studio Version 17
VisualStudioVersion = 17.14.37203.1
MinimumVisualStudioVersion = 10.0.40219.1
Project("{FAE04EC0-301F-11D3-BF4B-00C04F79EFBC}") = "DVLD - Presentation Layer", "DVLD - Presentation Layer\DVLD - Presentation Layer.csproj", "{49CC41E2-3BE4-4276-8B88-3C152ABC6C77}"
EndProject
Project("{FAE04EC0-301F-11D3-BF4B-00C04F79EFBC}") = "DVLD - Business Layer", "DVLD - Business Layer\DVLD - Business Layer.csproj", "{FD7C6F63-7B56-4B36-A470-A4D1B1D36D0B}"
EndProject
Project("{FAE04EC0-301F-11D3-BF4B-00C04F79EFBC}") = "DVLD - DataAccess Layer", "DVLD - DataAccess Layer\DVLD - DataAccess Layer.csproj", "{C53414ED-8506-4276-BA33-F43050138FB0}"
EndProject
Project("{FAE04EC0-301F-11D3-BF4B-00C04F79EFBC}") = "DVLD - SharedItems", "clsShared\DVLD - SharedItems.csproj", "{97191887-F981-48D0-A94E-161742E44F05}"
EndProject
Global
	GlobalSection(SolutionConfigurationPlatforms) = preSolution
		Debug|Any CPU = Debug|Any CPU
		Release|Any CPU = Release|Any CPU
	EndGlobalSection
	GlobalSection(ProjectConfigurationPlatforms) = postSolution
		{49CC41E2-3BE4-4276-8B88-3C152ABC6C77}.Debug|Any CPU.ActiveCfg = Debug|Any CPU
		{49CC41E2-3BE4-4276-8B88-3C152ABC6C77}.Debug|Any CPU.Build.0 = Debug|Any CPU
		{49CC41E2-3BE4-4276-8B88-3C152ABC6C77}.Release|Any CPU.ActiveCfg = Release|Any CPU
		{49CC41E2-3BE4-4276-8B88-3C152ABC6C77}.Release|Any CPU.Build.0 = Release|Any CPU
		{FD7C6F63-7B56-4B36-A470-A4D1B1D36D0B}.Debug|Any CPU.ActiveCfg = Debug|Any CPU
		{FD7C6F63-7B56-4B36-A470-A4D1B1D36D0B}.Debug|Any CPU.Build.0 = Debug|Any CPU
		{FD7C6F63-7B56-4B36-A470-A4D1B1D36D0B}.Release|Any CPU.ActiveCfg = Release|Any CPU
		{FD7C6F63-7B56-4B36-A470-A4D1B1D36D0B}.Release|Any CPU.Build.0 = Release|Any CPU
		{C53414ED-8506-4276-BA33-F43050138FB0}.Debug|Any CPU.ActiveCfg = Debug|Any CPU
		{C53414ED-8506-4276-BA33-F43050138FB0}.Debug|Any CPU.Build.0 = Debug|Any CPU
		{C53414ED-8506-4276-BA33-F43050138FB0}.Release|Any CPU.ActiveCfg = Release|Any CPU
		{C53414ED-8506-4276-BA33-F43050138FB0}.Release|Any CPU.Build.0 = Release|Any CPU
		{97191887-F981-48D0-A94E-161742E44F05}.Debug|Any CPU.ActiveCfg = Debug|Any CPU
		{97191887-F981-48D0-A94E-161742E44F05}.Debug|Any CPU.Build.0 = Debug|Any CPU
		{97191887-F981-48D0-A94E-161742E44F05}.Release|Any CPU.ActiveCfg = Release|Any CPU
		{97191887-F981-48D0-A94E-161742E44F05}.Release|Any CPU.Build.0 = Release|Any CPU
	EndGlobalSection
	GlobalSection(SolutionProperties) = preSolution
		HideSolutionNode = FALSE
	EndGlobalSection
	GlobalSection(ExtensibilityGlobals) = postSolution
		SolutionGuid = {10B372A7-D929-41EE-878F-494A77DA7EF2}
	EndGlobalSection
EndGlobal
